
Microsoft Visual Studio Solution File, Format Version 12.00
# Visual Studio Version 16
VisualStudioVersion = 16.0.31702.278
MinimumVisualStudioVersion = 10.0.40219.1
Project("{FAE04EC0-301F-11D3-BF4B-00C04F79EFBC}") = "HotelManagement", "HotelManagement\HotelManagement.csproj", "{6BAEA227-5DF0-4DCA-A735-3A8B88C4CF4C}"
EndProject
Global
	GlobalSection(SolutionConfigurationPlatforms) = preSolution
		Debug|Any CPU = Debug|Any CPU
		Release|Any CPU = Release|Any CPU
	EndGlobalSection
	GlobalSection(ProjectConfigurationPlatforms) = postSolution
		{6BAEA227-5DF0-4DCA-A735-3A8B88C4CF4C}.Debug|Any CPU.ActiveCfg = Debug|Any CPU
		{6BAEA227-5DF0-4DCA-A735-3A8B88C4CF4C}.Debug|Any CPU.Build.0 = Debug|Any CPU
		{6BAEA227-5DF0-4DCA-A735-3A8B88C4CF4C}.Release|Any CPU.ActiveCfg = Release|Any CPU
		{6BAEA227-5DF0-4DCA-A735-3A8B88C4CF4C}.Release|Any CPU.Build.0 = Release|Any CPU
	EndGlobalSection
	GlobalSection(SolutionProperties) = preSolution
		HideSolutionNode = FALSE
	EndGlobalSection
	GlobalSection(ExtensibilityGlobals) = postSolution
		SolutionGuid = {85A9D127-315E-41D5-B4F5-2754512B7115}
	EndGlobalSection
EndGlobal
